# THIS IS AN AUTOGENERATED FILE. DO NOT EDIT THIS FILE DIRECTLY.
# yarn lockfile v1


phone@^2.4.21:
  version "2.4.21"
  resolved "https://registry.yarnpkg.com/phone/-/phone-2.4.21.tgz#67364ceb9d5d01f56cd881f272b346209501a74f"
  integrity sha512-vTHYwgeCoMuZOwDRQwQAdi2NOV72wSqsqw0k/EwUnE9YVZZnYzqMwVn8Nas2yjHR2JKzx9gqrEqoQeMYnh3/SA==
